// !$*UTF8*$!
{
	archiveVersion = 1;
	classes = {
	};
	objectVersion = 56;
	objects = {

/* Begin PBXBuildFile section */
		CC1177E92AE6F36400A76A7A /* LandmarksApp.swift in Sources */ = {isa = PBXBuildFile; fileRef = CC1177E82AE6F36400A76A7A /* LandmarksApp.swift */; };
		CC1177EB2AE6F36400A76A7A /* ContentView.swift in Sources */ = {isa = PBXBuildFile; fileRef = CC1177EA2AE6F36400A76A7A /* ContentView.swift */; };
		CC1177ED2AE6F36500A76A7A /* Assets.xcassets in Resources */ = {isa = PBXBuildFile; fileRef = CC1177EC2AE6F36500A76A7A /* Assets.xcassets */; };
		CC1177F02AE6F36500A76A7A /* Preview Assets.xcassets in Resources */ = {isa = PBXBuildFile; fileRef = CC1177EF2AE6F36500A76A7A /* Preview Assets.xcassets */; };
		CC1178132AE6FD2500A76A7A /* CircleImage.swift in Sources */ = {isa = PBXBuildFile; fileRef = CC1178122AE6FD2500A76A7A /* CircleImage.swift */; };
		CC1178152AE6FEFD00A76A7A /* MapView.swift in Sources */ = {isa = PBXBuildFile; fileRef = CC1178142AE6FEFD00A76A7A /* MapView.swift */; };
		CC1868032AEAED0300E4FDCE /* CategoryHome.swift in Sources */ = {isa = PBXBuildFile; fileRef = CC1868022AEAED0300E4FDCE /* CategoryHome.swift */; };
		CC1868052AEBE75700E4FDCE /* CategoryRow.swift in Sources */ = {isa = PBXBuildFile; fileRef = CC1868042AEBE75700E4FDCE /* CategoryRow.swift */; };
		CC1868072AEBE9D600E4FDCE /* CategoryItem.swift in Sources */ = {isa = PBXBuildFile; fileRef = CC1868062AEBE9D600E4FDCE /* CategoryItem.swift */; };
		CC1868092AF1620700E4FDCE /* Profile.swift in Sources */ = {isa = PBXBuildFile; fileRef = CC1868082AF1620700E4FDCE /* Profile.swift */; };
		CC18680B2AF163CE00E4FDCE /* ProfileHost.swift in Sources */ = {isa = PBXBuildFile; fileRef = CC18680A2AF163CE00E4FDCE /* ProfileHost.swift */; };
		CC18680F2AF16F9500E4FDCE /* ProfileSummary.swift in Sources */ = {isa = PBXBuildFile; fileRef = CC18680E2AF16F9500E4FDCE /* ProfileSummary.swift */; };
		CC1868112AF17CB400E4FDCE /* HikeBadge.swift in Sources */ = {isa = PBXBuildFile; fileRef = CC1868102AF17CB400E4FDCE /* HikeBadge.swift */; };
		CC1868132AF1860800E4FDCE /* ProfileEditor.swift in Sources */ = {isa = PBXBuildFile; fileRef = CC1868122AF1860800E4FDCE /* ProfileEditor.swift */; };
		CC4D05082AE96D1700F95177 /* FavoriteButton.swift in Sources */ = {isa = PBXBuildFile; fileRef = CC4D05072AE96D1700F95177 /* FavoriteButton.swift */; };
		CC4D050C2AE9748B00F95177 /* HexagonParamters.swift in Sources */ = {isa = PBXBuildFile; fileRef = CC4D050B2AE9748B00F95177 /* HexagonParamters.swift */; };
		CC4D050E2AE975C500F95177 /* BadgeBackground.swift in Sources */ = {isa = PBXBuildFile; fileRef = CC4D050D2AE975C500F95177 /* BadgeBackground.swift */; };
		CC4D05102AE982D900F95177 /* BadgeSymbol.swift in Sources */ = {isa = PBXBuildFile; fileRef = CC4D050F2AE982D900F95177 /* BadgeSymbol.swift */; };
		CC4D05122AE9843500F95177 /* RotatedBadgeSymbol.swift in Sources */ = {isa = PBXBuildFile; fileRef = CC4D05112AE9843500F95177 /* RotatedBadgeSymbol.swift */; };
		CC4D05142AE9852500F95177 /* Badge.swift in Sources */ = {isa = PBXBuildFile; fileRef = CC4D05132AE9852500F95177 /* Badge.swift */; };
		CC4D05172AEA9F1200F95177 /* hikeData.json in Resources */ = {isa = PBXBuildFile; fileRef = CC4D05162AEA9F1200F95177 /* hikeData.json */; };
		CC4D05192AEA9F4700F95177 /* Hike.swift in Sources */ = {isa = PBXBuildFile; fileRef = CC4D05182AEA9F4700F95177 /* Hike.swift */; };
		CC4D051F2AEAA22700F95177 /* GraphCapsule.swift in Sources */ = {isa = PBXBuildFile; fileRef = CC4D051B2AEAA22700F95177 /* GraphCapsule.swift */; };
		CC4D05202AEAA22700F95177 /* HikeGraph.swift in Sources */ = {isa = PBXBuildFile; fileRef = CC4D051C2AEAA22700F95177 /* HikeGraph.swift */; };
		CC4D05212AEAA22700F95177 /* HikeDetail.swift in Sources */ = {isa = PBXBuildFile; fileRef = CC4D051D2AEAA22700F95177 /* HikeDetail.swift */; };
		CC4D05222AEAA22700F95177 /* HikeView.swift in Sources */ = {isa = PBXBuildFile; fileRef = CC4D051E2AEAA22700F95177 /* HikeView.swift */; };
		CC5B065B2AE8267B0066D1E4 /* landmarkData.json in Resources */ = {isa = PBXBuildFile; fileRef = CC5B065A2AE8267B0066D1E4 /* landmarkData.json */; };
		CC5B06712AE82C270066D1E4 /* ModelData.swift in Sources */ = {isa = PBXBuildFile; fileRef = CC5B06702AE82C270066D1E4 /* ModelData.swift */; };
		CC5B06752AE82D530066D1E4 /* Landmark.swift in Sources */ = {isa = PBXBuildFile; fileRef = CC5B06742AE82D530066D1E4 /* Landmark.swift */; };
		CC5B06772AE82F250066D1E4 /* LandmarkRow.swift in Sources */ = {isa = PBXBuildFile; fileRef = CC5B06762AE82F250066D1E4 /* LandmarkRow.swift */; };
		CC5B06792AE831BC0066D1E4 /* LandmarkList.swift in Sources */ = {isa = PBXBuildFile; fileRef = CC5B06782AE831BC0066D1E4 /* LandmarkList.swift */; };
		CC5B067B2AE8353D0066D1E4 /* LandmarkDetail.swift in Sources */ = {isa = PBXBuildFile; fileRef = CC5B067A2AE8353D0066D1E4 /* LandmarkDetail.swift */; };
/* End PBXBuildFile section */

/* Begin PBXFileReference section */
		CC1177E52AE6F36400A76A7A /* Landmarks.app */ = {isa = PBXFileReference; explicitFileType = wrapper.application; includeInIndex = 0; path = Landmarks.app; sourceTree = BUILT_PRODUCTS_DIR; };
		CC1177E82AE6F36400A76A7A /* LandmarksApp.swift */ = {isa = PBXFileReference; lastKnownFileType = sourcecode.swift; path = LandmarksApp.swift; sourceTree = "<group>"; };
		CC1177EA2AE6F36400A76A7A /* ContentView.swift */ = {isa = PBXFileReference; lastKnownFileType = sourcecode.swift; path = ContentView.swift; sourceTree = "<group>"; };
		CC1177EC2AE6F36500A76A7A /* Assets.xcassets */ = {isa = PBXFileReference; lastKnownFileType = folder.assetcatalog; path = Assets.xcassets; sourceTree = "<group>"; };
		CC1177EF2AE6F36500A76A7A /* Preview Assets.xcassets */ = {isa = PBXFileReference; lastKnownFileType = folder.assetcatalog; path = "Preview Assets.xcassets"; sourceTree = "<group>"; };
		CC1178122AE6FD2500A76A7A /* CircleImage.swift */ = {isa = PBXFileReference; lastKnownFileType = sourcecode.swift; path = CircleImage.swift; sourceTree = "<group>"; };
		CC1178142AE6FEFD00A76A7A /* MapView.swift */ = {isa = PBXFileReference; lastKnownFileType = sourcecode.swift; path = MapView.swift; sourceTree = "<group>"; };
		CC1868022AEAED0300E4FDCE /* CategoryHome.swift */ = {isa = PBXFileReference; lastKnownFileType = sourcecode.swift; path = CategoryHome.swift; sourceTree = "<group>"; };
		CC1868042AEBE75700E4FDCE /* CategoryRow.swift */ = {isa = PBXFileReference; lastKnownFileType = sourcecode.swift; path = CategoryRow.swift; sourceTree = "<group>"; };
		CC1868062AEBE9D600E4FDCE /* CategoryItem.swift */ = {isa = PBXFileReference; lastKnownFileType = sourcecode.swift; path = CategoryItem.swift; sourceTree = "<group>"; };
		CC1868082AF1620700E4FDCE /* Profile.swift */ = {isa = PBXFileReference; lastKnownFileType = sourcecode.swift; path = Profile.swift; sourceTree = "<group>"; };
		CC18680A2AF163CE00E4FDCE /* ProfileHost.swift */ = {isa = PBXFileReference; lastKnownFileType = sourcecode.swift; path = ProfileHost.swift; sourceTree = "<group>"; };
		CC18680E2AF16F9500E4FDCE /* ProfileSummary.swift */ = {isa = PBXFileReference; lastKnownFileType = sourcecode.swift; path = ProfileSummary.swift; sourceTree = "<group>"; };
		CC1868102AF17CB400E4FDCE /* HikeBadge.swift */ = {isa = PBXFileReference; lastKnownFileType = sourcecode.swift; path = HikeBadge.swift; sourceTree = "<group>"; };
		CC1868122AF1860800E4FDCE /* ProfileEditor.swift */ = {isa = PBXFileReference; lastKnownFileType = sourcecode.swift; path = ProfileEditor.swift; sourceTree = "<group>"; };
		CC4D05072AE96D1700F95177 /* FavoriteButton.swift */ = {isa = PBXFileReference; lastKnownFileType = sourcecode.swift; path = FavoriteButton.swift; sourceTree = "<group>"; };
		CC4D050B2AE9748B00F95177 /* HexagonParamters.swift */ = {isa = PBXFileReference; lastKnownFileType = sourcecode.swift; path = HexagonParamters.swift; sourceTree = "<group>"; };
		CC4D050D2AE975C500F95177 /* BadgeBackground.swift */ = {isa = PBXFileReference; lastKnownFileType = sourcecode.swift; path = BadgeBackground.swift; sourceTree = "<group>"; };
		CC4D050F2AE982D900F95177 /* BadgeSymbol.swift */ = {isa = PBXFileReference; lastKnownFileType = sourcecode.swift; path = BadgeSymbol.swift; sourceTree = "<group>"; };
		CC4D05112AE9843500F95177 /* RotatedBadgeSymbol.swift */ = {isa = PBXFileReference; lastKnownFileType = sourcecode.swift; path = RotatedBadgeSymbol.swift; sourceTree = "<group>"; };
		CC4D05132AE9852500F95177 /* Badge.swift */ = {isa = PBXFileReference; lastKnownFileType = sourcecode.swift; path = Badge.swift; sourceTree = "<group>"; };
		CC4D05162AEA9F1200F95177 /* hikeData.json */ = {isa = PBXFileReference; fileEncoding = 4; lastKnownFileType = text.json; path = hikeData.json; sourceTree = "<group>"; };
		CC4D05182AEA9F4700F95177 /* Hike.swift */ = {isa = PBXFileReference; lastKnownFileType = sourcecode.swift; path = Hike.swift; sourceTree = "<group>"; };
		CC4D051B2AEAA22700F95177 /* GraphCapsule.swift */ = {isa = PBXFileReference; fileEncoding = 4; lastKnownFileType = sourcecode.swift; path = GraphCapsule.swift; sourceTree = "<group>"; };
		CC4D051C2AEAA22700F95177 /* HikeGraph.swift */ = {isa = PBXFileReference; fileEncoding = 4; lastKnownFileType = sourcecode.swift; path = HikeGraph.swift; sourceTree = "<group>"; };
		CC4D051D2AEAA22700F95177 /* HikeDetail.swift */ = {isa = PBXFileReference; fileEncoding = 4; lastKnownFileType = sourcecode.swift; path = HikeDetail.swift; sourceTree = "<group>"; };
		CC4D051E2AEAA22700F95177 /* HikeView.swift */ = {isa = PBXFileReference; fileEncoding = 4; lastKnownFileType = sourcecode.swift; path = HikeView.swift; sourceTree = "<group>"; };
		CC5B065A2AE8267B0066D1E4 /* landmarkData.json */ = {isa = PBXFileReference; fileEncoding = 4; lastKnownFileType = text.json; path = landmarkData.json; sourceTree = "<group>"; };
		CC5B06702AE82C270066D1E4 /* ModelData.swift */ = {isa = PBXFileReference; fileEncoding = 4; lastKnownFileType = sourcecode.swift; name = ModelData.swift; path = ../../../../../../Downloads/BuildingListsAndNavigation/Complete/Landmarks/Model/ModelData.swift; sourceTree = "<group>"; };
		CC5B06742AE82D530066D1E4 /* Landmark.swift */ = {isa = PBXFileReference; lastKnownFileType = sourcecode.swift; path = Landmark.swift; sourceTree = "<group>"; };
		CC5B06762AE82F250066D1E4 /* LandmarkRow.swift */ = {isa = PBXFileReference; lastKnownFileType = sourcecode.swift; path = LandmarkRow.swift; sourceTree = "<group>"; };
		CC5B06782AE831BC0066D1E4 /* LandmarkList.swift */ = {isa = PBXFileReference; lastKnownFileType = sourcecode.swift; path = LandmarkList.swift; sourceTree = "<group>"; };
		CC5B067A2AE8353D0066D1E4 /* LandmarkDetail.swift */ = {isa = PBXFileReference; lastKnownFileType = sourcecode.swift; path = LandmarkDetail.swift; sourceTree = "<group>"; };
/* End PBXFileReference section */

/* Begin PBXFrameworksBuildPhase section */
		CC1177E22AE6F36400A76A7A /* Frameworks */ = {
			isa = PBXFrameworksBuildPhase;
			buildActionMask = 2147483647;
			files = (
			);
			runOnlyForDeploymentPostprocessing = 0;
		};
/* End PBXFrameworksBuildPhase section */

/* Begin PBXGroup section */
		CC1177DC2AE6F36400A76A7A = {
			isa = PBXGroup;
			children = (
				CC1177E72AE6F36400A76A7A /* Landmarks */,
				CC1177E62AE6F36400A76A7A /* Products */,
			);
			sourceTree = "<group>";
		};
		CC1177E62AE6F36400A76A7A /* Products */ = {
			isa = PBXGroup;
			children = (
				CC1177E52AE6F36400A76A7A /* Landmarks.app */,
			);
			name = Products;
			sourceTree = "<group>";
		};
		CC1177E72AE6F36400A76A7A /* Landmarks */ = {
			isa = PBXGroup;
			children = (
				CC1177E82AE6F36400A76A7A /* LandmarksApp.swift */,
				CC5B066D2AE82BC10066D1E4 /* Models */,
				CC5B06662AE82B4D0066D1E4 /* Views */,
				CC5B066F2AE82BDA0066D1E4 /* Resources */,
				CC1177EC2AE6F36500A76A7A /* Assets.xcassets */,
				CC1177EE2AE6F36500A76A7A /* Preview Content */,
			);
			path = Landmarks;
			sourceTree = "<group>";
		};
		CC1177EE2AE6F36500A76A7A /* Preview Content */ = {
			isa = PBXGroup;
			children = (
				CC1177EF2AE6F36500A76A7A /* Preview Assets.xcassets */,
			);
			path = "Preview Content";
			sourceTree = "<group>";
		};
		CC18680C2AF16F6A00E4FDCE /* Profiles */ = {
			isa = PBXGroup;
			children = (
				CC18680A2AF163CE00E4FDCE /* ProfileHost.swift */,
				CC18680E2AF16F9500E4FDCE /* ProfileSummary.swift */,
				CC1868122AF1860800E4FDCE /* ProfileEditor.swift */,
			);
			path = Profiles;
			sourceTree = "<group>";
		};
		CC18680D2AF16F8100E4FDCE /* Categories */ = {
			isa = PBXGroup;
			children = (
				CC1868022AEAED0300E4FDCE /* CategoryHome.swift */,
				CC1868042AEBE75700E4FDCE /* CategoryRow.swift */,
				CC1868062AEBE9D600E4FDCE /* CategoryItem.swift */,
			);
			path = Categories;
			sourceTree = "<group>";
		};
		CC4D05092AE96E1D00F95177 /* Helpers */ = {
			isa = PBXGroup;
			children = (
				CC1178122AE6FD2500A76A7A /* CircleImage.swift */,
				CC1178142AE6FEFD00A76A7A /* MapView.swift */,
				CC4D05072AE96D1700F95177 /* FavoriteButton.swift */,
			);
			path = Helpers;
			sourceTree = "<group>";
		};
		CC4D050A2AE96E4C00F95177 /* Landmarks */ = {
			isa = PBXGroup;
			children = (
				CC5B06762AE82F250066D1E4 /* LandmarkRow.swift */,
				CC5B06782AE831BC0066D1E4 /* LandmarkList.swift */,
				CC5B067A2AE8353D0066D1E4 /* LandmarkDetail.swift */,
			);
			path = Landmarks;
			sourceTree = "<group>";
		};
		CC4D05152AE9870900F95177 /* Badges */ = {
			isa = PBXGroup;
			children = (
				CC4D050B2AE9748B00F95177 /* HexagonParamters.swift */,
				CC4D050D2AE975C500F95177 /* BadgeBackground.swift */,
				CC4D050F2AE982D900F95177 /* BadgeSymbol.swift */,
				CC4D05112AE9843500F95177 /* RotatedBadgeSymbol.swift */,
				CC4D05132AE9852500F95177 /* Badge.swift */,
			);
			path = Badges;
			sourceTree = "<group>";
		};
		CC4D051A2AEAA22700F95177 /* Hikes */ = {
			isa = PBXGroup;
			children = (
				CC4D051B2AEAA22700F95177 /* GraphCapsule.swift */,
				CC4D051C2AEAA22700F95177 /* HikeGraph.swift */,
				CC4D051D2AEAA22700F95177 /* HikeDetail.swift */,
				CC4D051E2AEAA22700F95177 /* HikeView.swift */,
				CC1868102AF17CB400E4FDCE /* HikeBadge.swift */,
			);
			path = Hikes;
			sourceTree = "<group>";
		};
		CC5B06662AE82B4D0066D1E4 /* Views */ = {
			isa = PBXGroup;
			children = (
				CC1177EA2AE6F36400A76A7A /* ContentView.swift */,
				CC18680C2AF16F6A00E4FDCE /* Profiles */,
				CC4D051A2AEAA22700F95177 /* Hikes */,
				CC4D05152AE9870900F95177 /* Badges */,
				CC4D05092AE96E1D00F95177 /* Helpers */,
				CC4D050A2AE96E4C00F95177 /* Landmarks */,
				CC18680D2AF16F8100E4FDCE /* Categories */,
			);
			path = Views;
			sourceTree = "<group>";
		};
		CC5B066D2AE82BC10066D1E4 /* Models */ = {
			isa = PBXGroup;
			children = (
				CC5B06702AE82C270066D1E4 /* ModelData.swift */,
				CC5B06742AE82D530066D1E4 /* Landmark.swift */,
				CC4D05182AEA9F4700F95177 /* Hike.swift */,
				CC1868082AF1620700E4FDCE /* Profile.swift */,
			);
			path = Models;
			sourceTree = "<group>";
		};
		CC5B066F2AE82BDA0066D1E4 /* Resources */ = {
			isa = PBXGroup;
			children = (
				CC4D05162AEA9F1200F95177 /* hikeData.json */,
				CC5B065A2AE8267B0066D1E4 /* landmarkData.json */,
			);
			path = Resources;
			sourceTree = "<group>";
		};
/* End PBXGroup section */

/* Begin PBXNativeTarget section */
		CC1177E42AE6F36400A76A7A /* Landmarks */ = {
			isa = PBXNativeTarget;
			buildConfigurationList = CC1178092AE6F36500A76A7A /* Build configuration list for PBXNativeTarget "Landmarks" */;
			buildPhases = (
				CC1177E12AE6F36400A76A7A /* Sources */,
				CC1177E22AE6F36400A76A7A /* Frameworks */,
				CC1177E32AE6F36400A76A7A /* Resources */,
			);
			buildRules = (
			);
			dependencies = (
			);
			name = Landmarks;
			productName = Landmarks;
			productReference = CC1177E52AE6F36400A76A7A /* Landmarks.app */;
			productType = "com.apple.product-type.application";
		};
/* End PBXNativeTarget section */

/* Begin PBXProject section */
		CC1177DD2AE6F36400A76A7A /* Project object */ = {
			isa = PBXProject;
			attributes = {
				BuildIndependentTargetsInParallel = 1;
				LastSwiftUpdateCheck = 1430;
				LastUpgradeCheck = 1500;
				TargetAttributes = {
					CC1177E42AE6F36400A76A7A = {
						CreatedOnToolsVersion = 14.3.1;
					};
				};
			};
			buildConfigurationList = CC1177E02AE6F36400A76A7A /* Build configuration list for PBXProject "Landmarks" */;
			compatibilityVersion = "Xcode 14.0";
			developmentRegion = en;
			hasScannedForEncodings = 0;
			knownRegions = (
				en,
				Base,
			);
			mainGroup = CC1177DC2AE6F36400A76A7A;
			productRefGroup = CC1177E62AE6F36400A76A7A /* Products */;
			projectDirPath = "";
			projectRoot = "";
			targets = (
				CC1177E42AE6F36400A76A7A /* Landmarks */,
			);
		};
/* End PBXProject section */

/* Begin PBXResourcesBuildPhase section */
		CC1177E32AE6F36400A76A7A /* Resources */ = {
			isa = PBXResourcesBuildPhase;
			buildActionMask = 2147483647;
			files = (
				CC4D05172AEA9F1200F95177 /* hikeData.json in Resources */,
				CC1177F02AE6F36500A76A7A /* Preview Assets.xcassets in Resources */,
				CC1177ED2AE6F36500A76A7A /* Assets.xcassets in Resources */,
				CC5B065B2AE8267B0066D1E4 /* landmarkData.json in Resources */,
			);
			runOnlyForDeploymentPostprocessing = 0;
		};
/* End PBXResourcesBuildPhase section */

/* Begin PBXSourcesBuildPhase section */
		CC1177E12AE6F36400A76A7A /* Sources */ = {
			isa = PBXSourcesBuildPhase;
			buildActionMask = 2147483647;
			files = (
				CC1868052AEBE75700E4FDCE /* CategoryRow.swift in Sources */,
				CC1868092AF1620700E4FDCE /* Profile.swift in Sources */,
				CC4D050C2AE9748B00F95177 /* HexagonParamters.swift in Sources */,
				CC1868032AEAED0300E4FDCE /* CategoryHome.swift in Sources */,
				CC4D05202AEAA22700F95177 /* HikeGraph.swift in Sources */,
				CC4D05142AE9852500F95177 /* Badge.swift in Sources */,
				CC1177EB2AE6F36400A76A7A /* ContentView.swift in Sources */,
				CC4D051F2AEAA22700F95177 /* GraphCapsule.swift in Sources */,
				CC1178152AE6FEFD00A76A7A /* MapView.swift in Sources */,
				CC1177E92AE6F36400A76A7A /* LandmarksApp.swift in Sources */,
				CC1868072AEBE9D600E4FDCE /* CategoryItem.swift in Sources */,
				CC4D05212AEAA22700F95177 /* HikeDetail.swift in Sources */,
				CC18680F2AF16F9500E4FDCE /* ProfileSummary.swift in Sources */,
				CC4D05082AE96D1700F95177 /* FavoriteButton.swift in Sources */,
				CC18680B2AF163CE00E4FDCE /* ProfileHost.swift in Sources */,
				CC4D05192AEA9F4700F95177 /* Hike.swift in Sources */,
				CC4D05122AE9843500F95177 /* RotatedBadgeSymbol.swift in Sources */,
				CC5B06792AE831BC0066D1E4 /* LandmarkList.swift in Sources */,
				CC1868132AF1860800E4FDCE /* ProfileEditor.swift in Sources */,
				CC5B067B2AE8353D0066D1E4 /* LandmarkDetail.swift in Sources */,
				CC4D05222AEAA22700F95177 /* HikeView.swift in Sources */,
				CC4D05102AE982D900F95177 /* BadgeSymbol.swift in Sources */,
				CC4D050E2AE975C500F95177 /* BadgeBackground.swift in Sources */,
				CC1868112AF17CB400E4FDCE /* HikeBadge.swift in Sources */,
				CC1178132AE6FD2500A76A7A /* CircleImage.swift in Sources */,
				CC5B06712AE82C270066D1E4 /* ModelData.swift in Sources */,
				CC5B06772AE82F250066D1E4 /* LandmarkRow.swift in Sources */,
				CC5B06752AE82D530066D1E4 /* Landmark.swift in Sources */,
			);
			runOnlyForDeploymentPostprocessing = 0;
		};
/* End PBXSourcesBuildPhase section */

/* Begin XCBuildConfiguration section */
		CC1178072AE6F36500A76A7A /* Debug */ = {
			isa = XCBuildConfiguration;
			buildSettings = {
				ALWAYS_SEARCH_USER_PATHS = NO;
				CLANG_ANALYZER_NONNULL = YES;
				CLANG_ANALYZER_NUMBER_OBJECT_CONVERSION = YES_AGGRESSIVE;
				CLANG_CXX_LANGUAGE_STANDARD = "gnu++20";
				CLANG_ENABLE_MODULES = YES;
				CLANG_ENABLE_OBJC_ARC = YES;
				CLANG_ENABLE_OBJC_WEAK = YES;
				CLANG_WARN_BLOCK_CAPTURE_AUTORELEASING = YES;
				CLANG_WARN_BOOL_CONVERSION = YES;
				CLANG_WARN_COMMA = YES;
				CLANG_WARN_CONSTANT_CONVERSION = YES;
				CLANG_WARN_DEPRECATED_OBJC_IMPLEMENTATIONS = YES;
				CLANG_WARN_DIRECT_OBJC_ISA_USAGE = YES_ERROR;
				CLANG_WARN_DOCUMENTATION_COMMENTS = YES;
				CLANG_WARN_EMPTY_BODY = YES;
				CLANG_WARN_ENUM_CONVERSION = YES;
				CLANG_WARN_INFINITE_RECURSION = YES;
				CLANG_WARN_INT_CONVERSION = YES;
				CLANG_WARN_NON_LITERAL_NULL_CONVERSION = YES;
				CLANG_WARN_OBJC_IMPLICIT_RETAIN_SELF = YES;
				CLANG_WARN_OBJC_LITERAL_CONVERSION = YES;
				CLANG_WARN_OBJC_ROOT_CLASS = YES_ERROR;
				CLANG_WARN_QUOTED_INCLUDE_IN_FRAMEWORK_HEADER = YES;
				CLANG_WARN_RANGE_LOOP_ANALYSIS = YES;
				CLANG_WARN_STRICT_PROTOTYPES = YES;
				CLANG_WARN_SUSPICIOUS_MOVE = YES;
				CLANG_WARN_UNGUARDED_AVAILABILITY = YES_AGGRESSIVE;
				CLANG_WARN_UNREACHABLE_CODE = YES;
				CLANG_WARN__DUPLICATE_METHOD_MATCH = YES;
				COPY_PHASE_STRIP = NO;
				DEBUG_INFORMATION_FORMAT = dwarf;
				ENABLE_STRICT_OBJC_MSGSEND = YES;
				ENABLE_TESTABILITY = YES;
				ENABLE_USER_SCRIPT_SANDBOXING = YES;
				GCC_C_LANGUAGE_STANDARD = gnu11;
				GCC_DYNAMIC_NO_PIC = NO;
				GCC_NO_COMMON_BLOCKS = YES;
				GCC_OPTIMIZATION_LEVEL = 0;
				GCC_PREPROCESSOR_DEFINITIONS = (
					"DEBUG=1",
					"$(inherited)",
				);
				GCC_WARN_64_TO_32_BIT_CONVERSION = YES;
				GCC_WARN_ABOUT_RETURN_TYPE = YES_ERROR;
				GCC_WARN_UNDECLARED_SELECTOR = YES;
				GCC_WARN_UNINITIALIZED_AUTOS = YES_AGGRESSIVE;
				GCC_WARN_UNUSED_FUNCTION = YES;
				GCC_WARN_UNUSED_VARIABLE = YES;
				IPHONEOS_DEPLOYMENT_TARGET = 17.0;
				MTL_ENABLE_DEBUG_INFO = INCLUDE_SOURCE;
				MTL_FAST_MATH = YES;
				ONLY_ACTIVE_ARCH = YES;
				SDKROOT = iphoneos;
				SWIFT_ACTIVE_COMPILATION_CONDITIONS = DEBUG;
				SWIFT_OPTIMIZATION_LEVEL = "-Onone";
			};
			name = Debug;
		};
		CC1178082AE6F36500A76A7A /* Release */ = {
			isa = XCBuildConfiguration;
			buildSettings = {
				ALWAYS_SEARCH_USER_PATHS = NO;
				CLANG_ANALYZER_NONNULL = YES;
				CLANG_ANALYZER_NUMBER_OBJECT_CONVERSION = YES_AGGRESSIVE;
				CLANG_CXX_LANGUAGE_STANDARD = "gnu++20";
				CLANG_ENABLE_MODULES = YES;
				CLANG_ENABLE_OBJC_ARC = YES;
				CLANG_ENABLE_OBJC_WEAK = YES;
				CLANG_WARN_BLOCK_CAPTURE_AUTORELEASING = YES;
				CLANG_WARN_BOOL_CONVERSION = YES;
				CLANG_WARN_COMMA = YES;
				CLANG_WARN_CONSTANT_CONVERSION = YES;
				CLANG_WARN_DEPRECATED_OBJC_IMPLEMENTATIONS = YES;
				CLANG_WARN_DIRECT_OBJC_ISA_USAGE = YES_ERROR;
				CLANG_WARN_DOCUMENTATION_COMMENTS = YES;
				CLANG_WARN_EMPTY_BODY = YES;
				CLANG_WARN_ENUM_CONVERSION = YES;
				CLANG_WARN_INFINITE_RECURSION = YES;
				CLANG_WARN_INT_CONVERSION = YES;
				CLANG_WARN_NON_LITERAL_NULL_CONVERSION = YES;
				CLANG_WARN_OBJC_IMPLICIT_RETAIN_SELF = YES;
				CLANG_WARN_OBJC_LITERAL_CONVERSION = YES;
				CLANG_WARN_OBJC_ROOT_CLASS = YES_ERROR;
				CLANG_WARN_QUOTED_INCLUDE_IN_FRAMEWORK_HEADER = YES;
				CLANG_WARN_RANGE_LOOP_ANALYSIS = YES;
				CLANG_WARN_STRICT_PROTOTYPES = YES;
				CLANG_WARN_SUSPICIOUS_MOVE = YES;
				CLANG_WARN_UNGUARDED_AVAILABILITY = YES_AGGRESSIVE;
				CLANG_WARN_UNREACHABLE_CODE = YES;
				CLANG_WARN__DUPLICATE_METHOD_MATCH = YES;
				COPY_PHASE_STRIP = NO;
				DEBUG_INFORMATION_FORMAT = "dwarf-with-dsym";
				ENABLE_NS_ASSERTIONS = NO;
				ENABLE_STRICT_OBJC_MSGSEND = YES;
				ENABLE_USER_SCRIPT_SANDBOXING = YES;
				GCC_C_LANGUAGE_STANDARD = gnu11;
				GCC_NO_COMMON_BLOCKS = YES;
				GCC_WARN_64_TO_32_BIT_CONVERSION = YES;
				GCC_WARN_ABOUT_RETURN_TYPE = YES_ERROR;
				GCC_WARN_UNDECLARED_SELECTOR = YES;
				GCC_WARN_UNINITIALIZED_AUTOS = YES_AGGRESSIVE;
				GCC_WARN_UNUSED_FUNCTION = YES;
				GCC_WARN_UNUSED_VARIABLE = YES;
				IPHONEOS_DEPLOYMENT_TARGET = 17.0;
				MTL_ENABLE_DEBUG_INFO = NO;
				MTL_FAST_MATH = YES;
				SDKROOT = iphoneos;
				SWIFT_COMPILATION_MODE = wholemodule;
				SWIFT_OPTIMIZATION_LEVEL = "-O";
				VALIDATE_PRODUCT = YES;
			};
			name = Release;
		};
		CC11780A2AE6F36500A76A7A /* Debug */ = {
			isa = XCBuildConfiguration;
			buildSettings = {
				ASSETCATALOG_COMPILER_APPICON_NAME = AppIcon;
				ASSETCATALOG_COMPILER_GLOBAL_ACCENT_COLOR_NAME = AccentColor;
				CODE_SIGN_STYLE = Automatic;
				CURRENT_PROJECT_VERSION = 1;
				DEVELOPMENT_ASSET_PATHS = "\"Landmarks/Preview Content\"";
				DEVELOPMENT_TEAM = 3AKA9BWU23;
				ENABLE_PREVIEWS = YES;
				GENERATE_INFOPLIST_FILE = YES;
				INFOPLIST_KEY_LSApplicationCategoryType = "public.app-category.travel";
				INFOPLIST_KEY_UIApplicationSceneManifest_Generation = YES;
				INFOPLIST_KEY_UIApplicationSupportsIndirectInputEvents = YES;
				INFOPLIST_KEY_UILaunchScreen_Generation = YES;
				INFOPLIST_KEY_UISupportedInterfaceOrientations_iPad = "UIInterfaceOrientationPortrait UIInterfaceOrientationPortraitUpsideDown UIInterfaceOrientationLandscapeLeft UIInterfaceOrientationLandscapeRight";
				INFOPLIST_KEY_UISupportedInterfaceOrientations_iPhone = "UIInterfaceOrientationPortrait UIInterfaceOrientationLandscapeLeft UIInterfaceOrientationLandscapeRight";
				LD_RUNPATH_SEARCH_PATHS = (
					"$(inherited)",
					"@executable_path/Frameworks",
				);
				MARKETING_VERSION = 1.0;
				PRODUCT_BUNDLE_IDENTIFIER = com.aadunn.Landmarks;
				PRODUCT_NAME = "$(TARGET_NAME)";
				SWIFT_EMIT_LOC_STRINGS = YES;
				SWIFT_VERSION = 5.0;
				TARGETED_DEVICE_FAMILY = "1,2";
			};
			name = Debug;
		};
		CC11780B2AE6F36500A76A7A /* Release */ = {
			isa = XCBuildConfiguration;
			buildSettings = {
				ASSETCATALOG_COMPILER_APPICON_NAME = AppIcon;
				ASSETCATALOG_COMPILER_GLOBAL_ACCENT_COLOR_NAME = AccentColor;
				CODE_SIGN_STYLE = Automatic;
				CURRENT_PROJECT_VERSION = 1;
				DEVELOPMENT_ASSET_PATHS = "\"Landmarks/Preview Content\"";
				DEVELOPMENT_TEAM = 3AKA9BWU23;
				ENABLE_PREVIEWS = YES;
				GENERATE_INFOPLIST_FILE = YES;
				INFOPLIST_KEY_LSApplicationCategoryType = "public.app-category.travel";
				INFOPLIST_KEY_UIApplicationSceneManifest_Generation = YES;
				INFOPLIST_KEY_UIApplicationSupportsIndirectInputEvents = YES;
				INFOPLIST_KEY_UILaunchScreen_Generation = YES;
				INFOPLIST_KEY_UISupportedInterfaceOrientations_iPad = "UIInterfaceOrientationPortrait UIInterfaceOrientationPortraitUpsideDown UIInterfaceOrientationLandscapeLeft UIInterfaceOrientationLandscapeRight";
				INFOPLIST_KEY_UISupportedInterfaceOrientations_iPhone = "UIInterfaceOrientationPortrait UIInterfaceOrientationLandscapeLeft UIInterfaceOrientationLandscapeRight";
				LD_RUNPATH_SEARCH_PATHS = (
					"$(inherited)",
					"@executable_path/Frameworks",
				);
				MARKETING_VERSION = 1.0;
				PRODUCT_BUNDLE_IDENTIFIER = com.aadunn.Landmarks;
				PRODUCT_NAME = "$(TARGET_NAME)";
				SWIFT_EMIT_LOC_STRINGS = YES;
				SWIFT_VERSION = 5.0;
				TARGETED_DEVICE_FAMILY = "1,2";
			};
			name = Release;
		};
/* End XCBuildConfiguration section */

/* Begin XCConfigurationList section */
		CC1177E02AE6F36400A76A7A /* Build configuration list for PBXProject "Landmarks" */ = {
			isa = XCConfigurationList;
			buildConfigurations = (
				CC1178072AE6F36500A76A7A /* Debug */,
				CC1178082AE6F36500A76A7A /* Release */,
			);
			defaultConfigurationIsVisible = 0;
			defaultConfigurationName = Release;
		};
		CC1178092AE6F36500A76A7A /* Build configuration list for PBXNativeTarget "Landmarks" */ = {
			isa = XCConfigurationList;
			buildConfigurations = (
				CC11780A2AE6F36500A76A7A /* Debug */,
				CC11780B2AE6F36500A76A7A /* Release */,
			);
			defaultConfigurationIsVisible = 0;
			defaultConfigurationName = Release;
		};
/* End XCConfigurationList section */
	};
	rootObject = CC1177DD2AE6F36400A76A7A /* Project object */;
}
