// !$*UTF8*$!
{
	archiveVersion = 1;
	classes = {
	};
	objectVersion = 56;
	objects = {

/* Begin PBXBuildFile section */
		CC1177E92AE6F36400A76A7A /* LandmarksApp.swift in Sources */ = {isa = PBXBuildFile; fileRef = CC1177E82AE6F36400A76A7A /* LandmarksApp.swift */; };
		CC1177EB2AE6F36400A76A7A /* ContentView.swift in Sources */ = {isa = PBXBuildFile; fileRef = CC1177EA2AE6F36400A76A7A /* ContentView.swift */; };
		CC1177ED2AE6F36500A76A7A /* Assets.xcassets in Resources */ = {isa = PBXBuildFile; fileRef = CC1177EC2AE6F36500A76A7A /* Assets.xcassets */; };
		CC1177F02AE6F36500A76A7A /* Preview Assets.xcassets in Resources */ = {isa = PBXBuildFile; fileRef = CC1177EF2AE6F36500A76A7A /* Preview Assets.xcassets */; };
		CC1178132AE6FD2500A76A7A /* CircleImage.swift in Sources */ = {isa = PBXBuildFile; fileRef = CC1178122AE6FD2500A76A7A /* CircleImage.swift */; };
		CC1178152AE6FEFD00A76A7A /* MapView.swift in Sources */ = {isa = PBXBuildFile; fileRef = CC1178142AE6FEFD00A76A7A /* MapView.swift */; };
		CC5B065B2AE8267B0066D1E4 /* landmarkData.json in Resources */ = {isa = PBXBuildFile; fileRef = CC5B065A2AE8267B0066D1E4 /* landmarkData.json */; };
		CC5B065C2AE8267B0066D1E4 /* landmarkData.json in Resources */ = {isa = PBXBuildFile; fileRef = CC5B065A2AE8267B0066D1E4 /* landmarkData.json */; };
		CC5B06712AE82C270066D1E4 /* ModelData.swift in Sources */ = {isa = PBXBuildFile; fileRef = CC5B06702AE82C270066D1E4 /* ModelData.swift */; };
		CC5B06722AE82C270066D1E4 /* ModelData.swift in Sources */ = {isa = PBXBuildFile; fileRef = CC5B06702AE82C270066D1E4 /* ModelData.swift */; };
		CC5B06732AE82C730066D1E4 /* CircleImage.swift in Sources */ = {isa = PBXBuildFile; fileRef = CC1178122AE6FD2500A76A7A /* CircleImage.swift */; };
		CC5B06752AE82D530066D1E4 /* Landmark.swift in Sources */ = {isa = PBXBuildFile; fileRef = CC5B06742AE82D530066D1E4 /* Landmark.swift */; };
		CC5B06772AE82F250066D1E4 /* LandmarkRow.swift in Sources */ = {isa = PBXBuildFile; fileRef = CC5B06762AE82F250066D1E4 /* LandmarkRow.swift */; };
/* End PBXBuildFile section */

/* Begin PBXContainerItemProxy section */
		CC1177F62AE6F36500A76A7A /* PBXContainerItemProxy */ = {
			isa = PBXContainerItemProxy;
			containerPortal = CC1177DD2AE6F36400A76A7A /* Project object */;
			proxyType = 1;
			remoteGlobalIDString = CC1177E42AE6F36400A76A7A;
			remoteInfo = Landmarks;
		};
		CC1178002AE6F36500A76A7A /* PBXContainerItemProxy */ = {
			isa = PBXContainerItemProxy;
			containerPortal = CC1177DD2AE6F36400A76A7A /* Project object */;
			proxyType = 1;
			remoteGlobalIDString = CC1177E42AE6F36400A76A7A;
			remoteInfo = Landmarks;
		};
/* End PBXContainerItemProxy section */

/* Begin PBXFileReference section */
		CC1177E52AE6F36400A76A7A /* Landmarks.app */ = {isa = PBXFileReference; explicitFileType = wrapper.application; includeInIndex = 0; path = Landmarks.app; sourceTree = BUILT_PRODUCTS_DIR; };
		CC1177E82AE6F36400A76A7A /* LandmarksApp.swift */ = {isa = PBXFileReference; lastKnownFileType = sourcecode.swift; path = LandmarksApp.swift; sourceTree = "<group>"; };
		CC1177EA2AE6F36400A76A7A /* ContentView.swift */ = {isa = PBXFileReference; lastKnownFileType = sourcecode.swift; path = ContentView.swift; sourceTree = "<group>"; };
		CC1177EC2AE6F36500A76A7A /* Assets.xcassets */ = {isa = PBXFileReference; lastKnownFileType = folder.assetcatalog; path = Assets.xcassets; sourceTree = "<group>"; };
		CC1177EF2AE6F36500A76A7A /* Preview Assets.xcassets */ = {isa = PBXFileReference; lastKnownFileType = folder.assetcatalog; path = "Preview Assets.xcassets"; sourceTree = "<group>"; };
		CC1177F52AE6F36500A76A7A /* LandmarksTests.xctest */ = {isa = PBXFileReference; explicitFileType = wrapper.cfbundle; includeInIndex = 0; path = LandmarksTests.xctest; sourceTree = BUILT_PRODUCTS_DIR; };
		CC1177FF2AE6F36500A76A7A /* LandmarksUITests.xctest */ = {isa = PBXFileReference; explicitFileType = wrapper.cfbundle; includeInIndex = 0; path = LandmarksUITests.xctest; sourceTree = BUILT_PRODUCTS_DIR; };
		CC1178122AE6FD2500A76A7A /* CircleImage.swift */ = {isa = PBXFileReference; lastKnownFileType = sourcecode.swift; path = CircleImage.swift; sourceTree = "<group>"; };
		CC1178142AE6FEFD00A76A7A /* MapView.swift */ = {isa = PBXFileReference; lastKnownFileType = sourcecode.swift; path = MapView.swift; sourceTree = "<group>"; };
		CC5B065A2AE8267B0066D1E4 /* landmarkData.json */ = {isa = PBXFileReference; fileEncoding = 4; lastKnownFileType = text.json; path = landmarkData.json; sourceTree = "<group>"; };
		CC5B06702AE82C270066D1E4 /* ModelData.swift */ = {isa = PBXFileReference; fileEncoding = 4; lastKnownFileType = sourcecode.swift; name = ModelData.swift; path = ../../../../../../Downloads/BuildingListsAndNavigation/Complete/Landmarks/Model/ModelData.swift; sourceTree = "<group>"; };
		CC5B06742AE82D530066D1E4 /* Landmark.swift */ = {isa = PBXFileReference; lastKnownFileType = sourcecode.swift; path = Landmark.swift; sourceTree = "<group>"; };
		CC5B06762AE82F250066D1E4 /* LandmarkRow.swift */ = {isa = PBXFileReference; lastKnownFileType = sourcecode.swift; path = LandmarkRow.swift; sourceTree = "<group>"; };
/* End PBXFileReference section */

/* Begin PBXFrameworksBuildPhase section */
		CC1177E22AE6F36400A76A7A /* Frameworks */ = {
			isa = PBXFrameworksBuildPhase;
			buildActionMask = 2147483647;
			files = (
			);
			runOnlyForDeploymentPostprocessing = 0;
		};
		CC1177F22AE6F36500A76A7A /* Frameworks */ = {
			isa = PBXFrameworksBuildPhase;
			buildActionMask = 2147483647;
			files = (
			);
			runOnlyForDeploymentPostprocessing = 0;
		};
		CC1177FC2AE6F36500A76A7A /* Frameworks */ = {
			isa = PBXFrameworksBuildPhase;
			buildActionMask = 2147483647;
			files = (
			);
			runOnlyForDeploymentPostprocessing = 0;
		};
/* End PBXFrameworksBuildPhase section */

/* Begin PBXGroup section */
		CC1177DC2AE6F36400A76A7A = {
			isa = PBXGroup;
			children = (
				CC1177E72AE6F36400A76A7A /* Landmarks */,
				CC1177E62AE6F36400A76A7A /* Products */,
			);
			sourceTree = "<group>";
		};
		CC1177E62AE6F36400A76A7A /* Products */ = {
			isa = PBXGroup;
			children = (
				CC1177E52AE6F36400A76A7A /* Landmarks.app */,
				CC1177F52AE6F36500A76A7A /* LandmarksTests.xctest */,
				CC1177FF2AE6F36500A76A7A /* LandmarksUITests.xctest */,
			);
			name = Products;
			sourceTree = "<group>";
		};
		CC1177E72AE6F36400A76A7A /* Landmarks */ = {
			isa = PBXGroup;
			children = (
				CC1177E82AE6F36400A76A7A /* LandmarksApp.swift */,
				CC5B066D2AE82BC10066D1E4 /* Models */,
				CC5B06662AE82B4D0066D1E4 /* Views */,
				CC5B066F2AE82BDA0066D1E4 /* Resources */,
				CC1177EC2AE6F36500A76A7A /* Assets.xcassets */,
				CC1177EE2AE6F36500A76A7A /* Preview Content */,
			);
			path = Landmarks;
			sourceTree = "<group>";
		};
		CC1177EE2AE6F36500A76A7A /* Preview Content */ = {
			isa = PBXGroup;
			children = (
				CC1177EF2AE6F36500A76A7A /* Preview Assets.xcassets */,
			);
			path = "Preview Content";
			sourceTree = "<group>";
		};
		CC5B06662AE82B4D0066D1E4 /* Views */ = {
			isa = PBXGroup;
			children = (
				CC1177EA2AE6F36400A76A7A /* ContentView.swift */,
				CC1178142AE6FEFD00A76A7A /* MapView.swift */,
				CC5B06762AE82F250066D1E4 /* LandmarkRow.swift */,
			);
			path = Views;
			sourceTree = "<group>";
		};
		CC5B066D2AE82BC10066D1E4 /* Models */ = {
			isa = PBXGroup;
			children = (
				CC1178122AE6FD2500A76A7A /* CircleImage.swift */,
				CC5B06702AE82C270066D1E4 /* ModelData.swift */,
				CC5B06742AE82D530066D1E4 /* Landmark.swift */,
			);
			path = Models;
			sourceTree = "<group>";
		};
		CC5B066F2AE82BDA0066D1E4 /* Resources */ = {
			isa = PBXGroup;
			children = (
				CC5B065A2AE8267B0066D1E4 /* landmarkData.json */,
			);
			path = Resources;
			sourceTree = "<group>";
		};
/* End PBXGroup section */

/* Begin PBXNativeTarget section */
		CC1177E42AE6F36400A76A7A /* Landmarks */ = {
			isa = PBXNativeTarget;
			buildConfigurationList = CC1178092AE6F36500A76A7A /* Build configuration list for PBXNativeTarget "Landmarks" */;
			buildPhases = (
				CC1177E12AE6F36400A76A7A /* Sources */,
				CC1177E22AE6F36400A76A7A /* Frameworks */,
				CC1177E32AE6F36400A76A7A /* Resources */,
			);
			buildRules = (
			);
			dependencies = (
			);
			name = Landmarks;
			productName = Landmarks;
			productReference = CC1177E52AE6F36400A76A7A /* Landmarks.app */;
			productType = "com.apple.product-type.application";
		};
		CC1177F42AE6F36500A76A7A /* LandmarksTests */ = {
			isa = PBXNativeTarget;
			buildConfigurationList = CC11780C2AE6F36500A76A7A /* Build configuration list for PBXNativeTarget "LandmarksTests" */;
			buildPhases = (
				CC1177F12AE6F36500A76A7A /* Sources */,
				CC1177F22AE6F36500A76A7A /* Frameworks */,
				CC1177F32AE6F36500A76A7A /* Resources */,
			);
			buildRules = (
			);
			dependencies = (
				CC1177F72AE6F36500A76A7A /* PBXTargetDependency */,
			);
			name = LandmarksTests;
			productName = LandmarksTests;
			productReference = CC1177F52AE6F36500A76A7A /* LandmarksTests.xctest */;
			productType = "com.apple.product-type.bundle.unit-test";
		};
		CC1177FE2AE6F36500A76A7A /* LandmarksUITests */ = {
			isa = PBXNativeTarget;
			buildConfigurationList = CC11780F2AE6F36500A76A7A /* Build configuration list for PBXNativeTarget "LandmarksUITests" */;
			buildPhases = (
				CC1177FB2AE6F36500A76A7A /* Sources */,
				CC1177FC2AE6F36500A76A7A /* Frameworks */,
				CC1177FD2AE6F36500A76A7A /* Resources */,
			);
			buildRules = (
			);
			dependencies = (
				CC1178012AE6F36500A76A7A /* PBXTargetDependency */,
			);
			name = LandmarksUITests;
			productName = LandmarksUITests;
			productReference = CC1177FF2AE6F36500A76A7A /* LandmarksUITests.xctest */;
			productType = "com.apple.product-type.bundle.ui-testing";
		};
/* End PBXNativeTarget section */

/* Begin PBXProject section */
		CC1177DD2AE6F36400A76A7A /* Project object */ = {
			isa = PBXProject;
			attributes = {
				BuildIndependentTargetsInParallel = 1;
				LastSwiftUpdateCheck = 1430;
				LastUpgradeCheck = 1430;
				TargetAttributes = {
					CC1177E42AE6F36400A76A7A = {
						CreatedOnToolsVersion = 14.3.1;
					};
					CC1177F42AE6F36500A76A7A = {
						CreatedOnToolsVersion = 14.3.1;
						TestTargetID = CC1177E42AE6F36400A76A7A;
					};
					CC1177FE2AE6F36500A76A7A = {
						CreatedOnToolsVersion = 14.3.1;
						TestTargetID = CC1177E42AE6F36400A76A7A;
					};
				};
			};
			buildConfigurationList = CC1177E02AE6F36400A76A7A /* Build configuration list for PBXProject "Landmarks" */;
			compatibilityVersion = "Xcode 14.0";
			developmentRegion = en;
			hasScannedForEncodings = 0;
			knownRegions = (
				en,
				Base,
			);
			mainGroup = CC1177DC2AE6F36400A76A7A;
			productRefGroup = CC1177E62AE6F36400A76A7A /* Products */;
			projectDirPath = "";
			projectRoot = "";
			targets = (
				CC1177E42AE6F36400A76A7A /* Landmarks */,
				CC1177F42AE6F36500A76A7A /* LandmarksTests */,
				CC1177FE2AE6F36500A76A7A /* LandmarksUITests */,
			);
		};
/* End PBXProject section */

/* Begin PBXResourcesBuildPhase section */
		CC1177E32AE6F36400A76A7A /* Resources */ = {
			isa = PBXResourcesBuildPhase;
			buildActionMask = 2147483647;
			files = (
				CC1177F02AE6F36500A76A7A /* Preview Assets.xcassets in Resources */,
				CC1177ED2AE6F36500A76A7A /* Assets.xcassets in Resources */,
				CC5B065B2AE8267B0066D1E4 /* landmarkData.json in Resources */,
			);
			runOnlyForDeploymentPostprocessing = 0;
		};
		CC1177F32AE6F36500A76A7A /* Resources */ = {
			isa = PBXResourcesBuildPhase;
			buildActionMask = 2147483647;
			files = (
			);
			runOnlyForDeploymentPostprocessing = 0;
		};
		CC1177FD2AE6F36500A76A7A /* Resources */ = {
			isa = PBXResourcesBuildPhase;
			buildActionMask = 2147483647;
			files = (
				CC5B065C2AE8267B0066D1E4 /* landmarkData.json in Resources */,
			);
			runOnlyForDeploymentPostprocessing = 0;
		};
/* End PBXResourcesBuildPhase section */

/* Begin PBXSourcesBuildPhase section */
		CC1177E12AE6F36400A76A7A /* Sources */ = {
			isa = PBXSourcesBuildPhase;
			buildActionMask = 2147483647;
			files = (
				CC1177EB2AE6F36400A76A7A /* ContentView.swift in Sources */,
				CC1178152AE6FEFD00A76A7A /* MapView.swift in Sources */,
				CC1177E92AE6F36400A76A7A /* LandmarksApp.swift in Sources */,
				CC1178132AE6FD2500A76A7A /* CircleImage.swift in Sources */,
				CC5B06712AE82C270066D1E4 /* ModelData.swift in Sources */,
				CC5B06772AE82F250066D1E4 /* LandmarkRow.swift in Sources */,
				CC5B06752AE82D530066D1E4 /* Landmark.swift in Sources */,
			);
			runOnlyForDeploymentPostprocessing = 0;
		};
		CC1177F12AE6F36500A76A7A /* Sources */ = {
			isa = PBXSourcesBuildPhase;
			buildActionMask = 2147483647;
			files = (
			);
			runOnlyForDeploymentPostprocessing = 0;
		};
		CC1177FB2AE6F36500A76A7A /* Sources */ = {
			isa = PBXSourcesBuildPhase;
			buildActionMask = 2147483647;
			files = (
				CC5B06722AE82C270066D1E4 /* ModelData.swift in Sources */,
				CC5B06732AE82C730066D1E4 /* CircleImage.swift in Sources */,
			);
			runOnlyForDeploymentPostprocessing = 0;
		};
/* End PBXSourcesBuildPhase section */

/* Begin PBXTargetDependency section */
		CC1177F72AE6F36500A76A7A /* PBXTargetDependency */ = {
			isa = PBXTargetDependency;
			target = CC1177E42AE6F36400A76A7A /* Landmarks */;
			targetProxy = CC1177F62AE6F36500A76A7A /* PBXContainerItemProxy */;
		};
		CC1178012AE6F36500A76A7A /* PBXTargetDependency */ = {
			isa = PBXTargetDependency;
			target = CC1177E42AE6F36400A76A7A /* Landmarks */;
			targetProxy = CC1178002AE6F36500A76A7A /* PBXContainerItemProxy */;
		};
/* End PBXTargetDependency section */

/* Begin XCBuildConfiguration section */
		CC1178072AE6F36500A76A7A /* Debug */ = {
			isa = XCBuildConfiguration;
			buildSettings = {
				ALWAYS_SEARCH_USER_PATHS = NO;
				CLANG_ANALYZER_NONNULL = YES;
				CLANG_ANALYZER_NUMBER_OBJECT_CONVERSION = YES_AGGRESSIVE;
				CLANG_CXX_LANGUAGE_STANDARD = "gnu++20";
				CLANG_ENABLE_MODULES = YES;
				CLANG_ENABLE_OBJC_ARC = YES;
				CLANG_ENABLE_OBJC_WEAK = YES;
				CLANG_WARN_BLOCK_CAPTURE_AUTORELEASING = YES;
				CLANG_WARN_BOOL_CONVERSION = YES;
				CLANG_WARN_COMMA = YES;
				CLANG_WARN_CONSTANT_CONVERSION = YES;
				CLANG_WARN_DEPRECATED_OBJC_IMPLEMENTATIONS = YES;
				CLANG_WARN_DIRECT_OBJC_ISA_USAGE = YES_ERROR;
				CLANG_WARN_DOCUMENTATION_COMMENTS = YES;
				CLANG_WARN_EMPTY_BODY = YES;
				CLANG_WARN_ENUM_CONVERSION = YES;
				CLANG_WARN_INFINITE_RECURSION = YES;
				CLANG_WARN_INT_CONVERSION = YES;
				CLANG_WARN_NON_LITERAL_NULL_CONVERSION = YES;
				CLANG_WARN_OBJC_IMPLICIT_RETAIN_SELF = YES;
				CLANG_WARN_OBJC_LITERAL_CONVERSION = YES;
				CLANG_WARN_OBJC_ROOT_CLASS = YES_ERROR;
				CLANG_WARN_QUOTED_INCLUDE_IN_FRAMEWORK_HEADER = YES;
				CLANG_WARN_RANGE_LOOP_ANALYSIS = YES;
				CLANG_WARN_STRICT_PROTOTYPES = YES;
				CLANG_WARN_SUSPICIOUS_MOVE = YES;
				CLANG_WARN_UNGUARDED_AVAILABILITY = YES_AGGRESSIVE;
				CLANG_WARN_UNREACHABLE_CODE = YES;
				CLANG_WARN__DUPLICATE_METHOD_MATCH = YES;
				COPY_PHASE_STRIP = NO;
				DEBUG_INFORMATION_FORMAT = dwarf;
				ENABLE_STRICT_OBJC_MSGSEND = YES;
				ENABLE_TESTABILITY = YES;
				GCC_C_LANGUAGE_STANDARD = gnu11;
				GCC_DYNAMIC_NO_PIC = NO;
				GCC_NO_COMMON_BLOCKS = YES;
				GCC_OPTIMIZATION_LEVEL = 0;
				GCC_PREPROCESSOR_DEFINITIONS = (
					"DEBUG=1",
					"$(inherited)",
				);
				GCC_WARN_64_TO_32_BIT_CONVERSION = YES;
				GCC_WARN_ABOUT_RETURN_TYPE = YES_ERROR;
				GCC_WARN_UNDECLARED_SELECTOR = YES;
				GCC_WARN_UNINITIALIZED_AUTOS = YES_AGGRESSIVE;
				GCC_WARN_UNUSED_FUNCTION = YES;
				GCC_WARN_UNUSED_VARIABLE = YES;
				IPHONEOS_DEPLOYMENT_TARGET = 16.4;
				MTL_ENABLE_DEBUG_INFO = INCLUDE_SOURCE;
				MTL_FAST_MATH = YES;
				ONLY_ACTIVE_ARCH = YES;
				SDKROOT = iphoneos;
				SWIFT_ACTIVE_COMPILATION_CONDITIONS = DEBUG;
				SWIFT_OPTIMIZATION_LEVEL = "-Onone";
			};
			name = Debug;
		};
		CC1178082AE6F36500A76A7A /* Release */ = {
			isa = XCBuildConfiguration;
			buildSettings = {
				ALWAYS_SEARCH_USER_PATHS = NO;
				CLANG_ANALYZER_NONNULL = YES;
				CLANG_ANALYZER_NUMBER_OBJECT_CONVERSION = YES_AGGRESSIVE;
				CLANG_CXX_LANGUAGE_STANDARD = "gnu++20";
				CLANG_ENABLE_MODULES = YES;
				CLANG_ENABLE_OBJC_ARC = YES;
				CLANG_ENABLE_OBJC_WEAK = YES;
				CLANG_WARN_BLOCK_CAPTURE_AUTORELEASING = YES;
				CLANG_WARN_BOOL_CONVERSION = YES;
				CLANG_WARN_COMMA = YES;
				CLANG_WARN_CONSTANT_CONVERSION = YES;
				CLANG_WARN_DEPRECATED_OBJC_IMPLEMENTATIONS = YES;
				CLANG_WARN_DIRECT_OBJC_ISA_USAGE = YES_ERROR;
				CLANG_WARN_DOCUMENTATION_COMMENTS = YES;
				CLANG_WARN_EMPTY_BODY = YES;
				CLANG_WARN_ENUM_CONVERSION = YES;
				CLANG_WARN_INFINITE_RECURSION = YES;
				CLANG_WARN_INT_CONVERSION = YES;
				CLANG_WARN_NON_LITERAL_NULL_CONVERSION = YES;
				CLANG_WARN_OBJC_IMPLICIT_RETAIN_SELF = YES;
				CLANG_WARN_OBJC_LITERAL_CONVERSION = YES;
				CLANG_WARN_OBJC_ROOT_CLASS = YES_ERROR;
				CLANG_WARN_QUOTED_INCLUDE_IN_FRAMEWORK_HEADER = YES;
				CLANG_WARN_RANGE_LOOP_ANALYSIS = YES;
				CLANG_WARN_STRICT_PROTOTYPES = YES;
				CLANG_WARN_SUSPICIOUS_MOVE = YES;
				CLANG_WARN_UNGUARDED_AVAILABILITY = YES_AGGRESSIVE;
				CLANG_WARN_UNREACHABLE_CODE = YES;
				CLANG_WARN__DUPLICATE_METHOD_MATCH = YES;
				COPY_PHASE_STRIP = NO;
				DEBUG_INFORMATION_FORMAT = "dwarf-with-dsym";
				ENABLE_NS_ASSERTIONS = NO;
				ENABLE_STRICT_OBJC_MSGSEND = YES;
				GCC_C_LANGUAGE_STANDARD = gnu11;
				GCC_NO_COMMON_BLOCKS = YES;
				GCC_WARN_64_TO_32_BIT_CONVERSION = YES;
				GCC_WARN_ABOUT_RETURN_TYPE = YES_ERROR;
				GCC_WARN_UNDECLARED_SELECTOR = YES;
				GCC_WARN_UNINITIALIZED_AUTOS = YES_AGGRESSIVE;
				GCC_WARN_UNUSED_FUNCTION = YES;
				GCC_WARN_UNUSED_VARIABLE = YES;
				IPHONEOS_DEPLOYMENT_TARGET = 16.4;
				MTL_ENABLE_DEBUG_INFO = NO;
				MTL_FAST_MATH = YES;
				SDKROOT = iphoneos;
				SWIFT_COMPILATION_MODE = wholemodule;
				SWIFT_OPTIMIZATION_LEVEL = "-O";
				VALIDATE_PRODUCT = YES;
			};
			name = Release;
		};
		CC11780A2AE6F36500A76A7A /* Debug */ = {
			isa = XCBuildConfiguration;
			buildSettings = {
				ASSETCATALOG_COMPILER_APPICON_NAME = AppIcon;
				ASSETCATALOG_COMPILER_GLOBAL_ACCENT_COLOR_NAME = AccentColor;
				CODE_SIGN_STYLE = Automatic;
				CURRENT_PROJECT_VERSION = 1;
				DEVELOPMENT_ASSET_PATHS = "\"Landmarks/Preview Content\"";
				DEVELOPMENT_TEAM = 3AKA9BWU23;
				ENABLE_PREVIEWS = YES;
				GENERATE_INFOPLIST_FILE = YES;
				INFOPLIST_KEY_UIApplicationSceneManifest_Generation = YES;
				INFOPLIST_KEY_UIApplicationSupportsIndirectInputEvents = YES;
				INFOPLIST_KEY_UILaunchScreen_Generation = YES;
				INFOPLIST_KEY_UISupportedInterfaceOrientations_iPad = "UIInterfaceOrientationPortrait UIInterfaceOrientationPortraitUpsideDown UIInterfaceOrientationLandscapeLeft UIInterfaceOrientationLandscapeRight";
				INFOPLIST_KEY_UISupportedInterfaceOrientations_iPhone = "UIInterfaceOrientationPortrait UIInterfaceOrientationLandscapeLeft UIInterfaceOrientationLandscapeRight";
				LD_RUNPATH_SEARCH_PATHS = (
					"$(inherited)",
					"@executable_path/Frameworks",
				);
				MARKETING_VERSION = 1.0;
				PRODUCT_BUNDLE_IDENTIFIER = com.aadunn.Landmarks;
				PRODUCT_NAME = "$(TARGET_NAME)";
				SWIFT_EMIT_LOC_STRINGS = YES;
				SWIFT_VERSION = 5.0;
				TARGETED_DEVICE_FAMILY = "1,2";
			};
			name = Debug;
		};
		CC11780B2AE6F36500A76A7A /* Release */ = {
			isa = XCBuildConfiguration;
			buildSettings = {
				ASSETCATALOG_COMPILER_APPICON_NAME = AppIcon;
				ASSETCATALOG_COMPILER_GLOBAL_ACCENT_COLOR_NAME = AccentColor;
				CODE_SIGN_STYLE = Automatic;
				CURRENT_PROJECT_VERSION = 1;
				DEVELOPMENT_ASSET_PATHS = "\"Landmarks/Preview Content\"";
				DEVELOPMENT_TEAM = 3AKA9BWU23;
				ENABLE_PREVIEWS = YES;
				GENERATE_INFOPLIST_FILE = YES;
				INFOPLIST_KEY_UIApplicationSceneManifest_Generation = YES;
				INFOPLIST_KEY_UIApplicationSupportsIndirectInputEvents = YES;
				INFOPLIST_KEY_UILaunchScreen_Generation = YES;
				INFOPLIST_KEY_UISupportedInterfaceOrientations_iPad = "UIInterfaceOrientationPortrait UIInterfaceOrientationPortraitUpsideDown UIInterfaceOrientationLandscapeLeft UIInterfaceOrientationLandscapeRight";
				INFOPLIST_KEY_UISupportedInterfaceOrientations_iPhone = "UIInterfaceOrientationPortrait UIInterfaceOrientationLandscapeLeft UIInterfaceOrientationLandscapeRight";
				LD_RUNPATH_SEARCH_PATHS = (
					"$(inherited)",
					"@executable_path/Frameworks",
				);
				MARKETING_VERSION = 1.0;
				PRODUCT_BUNDLE_IDENTIFIER = com.aadunn.Landmarks;
				PRODUCT_NAME = "$(TARGET_NAME)";
				SWIFT_EMIT_LOC_STRINGS = YES;
				SWIFT_VERSION = 5.0;
				TARGETED_DEVICE_FAMILY = "1,2";
			};
			name = Release;
		};
		CC11780D2AE6F36500A76A7A /* Debug */ = {
			isa = XCBuildConfiguration;
			buildSettings = {
				ALWAYS_EMBED_SWIFT_STANDARD_LIBRARIES = YES;
				BUNDLE_LOADER = "$(TEST_HOST)";
				CODE_SIGN_STYLE = Automatic;
				CURRENT_PROJECT_VERSION = 1;
				DEVELOPMENT_TEAM = 3AKA9BWU23;
				GENERATE_INFOPLIST_FILE = YES;
				IPHONEOS_DEPLOYMENT_TARGET = 16.4;
				MARKETING_VERSION = 1.0;
				PRODUCT_BUNDLE_IDENTIFIER = com.aadunn.LandmarksTests;
				PRODUCT_NAME = "$(TARGET_NAME)";
				SWIFT_EMIT_LOC_STRINGS = NO;
				SWIFT_VERSION = 5.0;
				TARGETED_DEVICE_FAMILY = "1,2";
				TEST_HOST = "$(BUILT_PRODUCTS_DIR)/Landmarks.app/$(BUNDLE_EXECUTABLE_FOLDER_PATH)/Landmarks";
			};
			name = Debug;
		};
		CC11780E2AE6F36500A76A7A /* Release */ = {
			isa = XCBuildConfiguration;
			buildSettings = {
				ALWAYS_EMBED_SWIFT_STANDARD_LIBRARIES = YES;
				BUNDLE_LOADER = "$(TEST_HOST)";
				CODE_SIGN_STYLE = Automatic;
				CURRENT_PROJECT_VERSION = 1;
				DEVELOPMENT_TEAM = 3AKA9BWU23;
				GENERATE_INFOPLIST_FILE = YES;
				IPHONEOS_DEPLOYMENT_TARGET = 16.4;
				MARKETING_VERSION = 1.0;
				PRODUCT_BUNDLE_IDENTIFIER = com.aadunn.LandmarksTests;
				PRODUCT_NAME = "$(TARGET_NAME)";
				SWIFT_EMIT_LOC_STRINGS = NO;
				SWIFT_VERSION = 5.0;
				TARGETED_DEVICE_FAMILY = "1,2";
				TEST_HOST = "$(BUILT_PRODUCTS_DIR)/Landmarks.app/$(BUNDLE_EXECUTABLE_FOLDER_PATH)/Landmarks";
			};
			name = Release;
		};
		CC1178102AE6F36500A76A7A /* Debug */ = {
			isa = XCBuildConfiguration;
			buildSettings = {
				ALWAYS_EMBED_SWIFT_STANDARD_LIBRARIES = YES;
				CODE_SIGN_STYLE = Automatic;
				CURRENT_PROJECT_VERSION = 1;
				DEVELOPMENT_TEAM = 3AKA9BWU23;
				GENERATE_INFOPLIST_FILE = YES;
				MARKETING_VERSION = 1.0;
				PRODUCT_BUNDLE_IDENTIFIER = com.aadunn.LandmarksUITests;
				PRODUCT_NAME = "$(TARGET_NAME)";
				SWIFT_EMIT_LOC_STRINGS = NO;
				SWIFT_VERSION = 5.0;
				TARGETED_DEVICE_FAMILY = "1,2";
				TEST_TARGET_NAME = Landmarks;
			};
			name = Debug;
		};
		CC1178112AE6F36500A76A7A /* Release */ = {
			isa = XCBuildConfiguration;
			buildSettings = {
				ALWAYS_EMBED_SWIFT_STANDARD_LIBRARIES = YES;
				CODE_SIGN_STYLE = Automatic;
				CURRENT_PROJECT_VERSION = 1;
				DEVELOPMENT_TEAM = 3AKA9BWU23;
				GENERATE_INFOPLIST_FILE = YES;
				MARKETING_VERSION = 1.0;
				PRODUCT_BUNDLE_IDENTIFIER = com.aadunn.LandmarksUITests;
				PRODUCT_NAME = "$(TARGET_NAME)";
				SWIFT_EMIT_LOC_STRINGS = NO;
				SWIFT_VERSION = 5.0;
				TARGETED_DEVICE_FAMILY = "1,2";
				TEST_TARGET_NAME = Landmarks;
			};
			name = Release;
		};
/* End XCBuildConfiguration section */

/* Begin XCConfigurationList section */
		CC1177E02AE6F36400A76A7A /* Build configuration list for PBXProject "Landmarks" */ = {
			isa = XCConfigurationList;
			buildConfigurations = (
				CC1178072AE6F36500A76A7A /* Debug */,
				CC1178082AE6F36500A76A7A /* Release */,
			);
			defaultConfigurationIsVisible = 0;
			defaultConfigurationName = Release;
		};
		CC1178092AE6F36500A76A7A /* Build configuration list for PBXNativeTarget "Landmarks" */ = {
			isa = XCConfigurationList;
			buildConfigurations = (
				CC11780A2AE6F36500A76A7A /* Debug */,
				CC11780B2AE6F36500A76A7A /* Release */,
			);
			defaultConfigurationIsVisible = 0;
			defaultConfigurationName = Release;
		};
		CC11780C2AE6F36500A76A7A /* Build configuration list for PBXNativeTarget "LandmarksTests" */ = {
			isa = XCConfigurationList;
			buildConfigurations = (
				CC11780D2AE6F36500A76A7A /* Debug */,
				CC11780E2AE6F36500A76A7A /* Release */,
			);
			defaultConfigurationIsVisible = 0;
			defaultConfigurationName = Release;
		};
		CC11780F2AE6F36500A76A7A /* Build configuration list for PBXNativeTarget "LandmarksUITests" */ = {
			isa = XCConfigurationList;
			buildConfigurations = (
				CC1178102AE6F36500A76A7A /* Debug */,
				CC1178112AE6F36500A76A7A /* Release */,
			);
			defaultConfigurationIsVisible = 0;
			defaultConfigurationName = Release;
		};
/* End XCConfigurationList section */
	};
	rootObject = CC1177DD2AE6F36400A76A7A /* Project object */;
}
